
Microsoft Visual Studio Solution File, Format Version 12.00
# Visual Studio 15
VisualStudioVersion = 15.0.26124.0
MinimumVisualStudioVersion = 15.0.26124.0
Project("{FAE04EC0-301F-11D3-BF4B-00C04F79EFBC}") = "SSHCommander.UI", "SSHCommander.UI\SSHCommander.UI.csproj", "{CDEC370F-1574-4695-A711-28C14893E51D}"
EndProject
Project("{FAE04EC0-301F-11D3-BF4B-00C04F79EFBC}") = "SSHCommander.Core", "SSHCommander.Core\SSHCommander.Core.csproj", "{377D0695-010B-4E73-8DB8-A07BFD2EB83C}"
EndProject
Project("{FAE04EC0-301F-11D3-BF4B-00C04F79EFBC}") = "SSHCommander.Test", "SSHCommander.Test\SSHCommander.Test.csproj", "{3BAF8F00-5806-4CFA-B64B-DC6EE5FEB916}"
EndProject
Global
	GlobalSection(SolutionConfigurationPlatforms) = preSolution
		Debug|Any CPU = Debug|Any CPU
		Debug|x64 = Debug|x64
		Debug|x86 = Debug|x86
		Release|Any CPU = Release|Any CPU
		Release|x64 = Release|x64
		Release|x86 = Release|x86
	EndGlobalSection
	GlobalSection(SolutionProperties) = preSolution
		HideSolutionNode = FALSE
	EndGlobalSection
	GlobalSection(ProjectConfigurationPlatforms) = postSolution
		{CDEC370F-1574-4695-A711-28C14893E51D}.Debug|Any CPU.ActiveCfg = Debug|Any CPU
		{CDEC370F-1574-4695-A711-28C14893E51D}.Debug|Any CPU.Build.0 = Debug|Any CPU
		{CDEC370F-1574-4695-A711-28C14893E51D}.Debug|x64.ActiveCfg = Debug|Any CPU
		{CDEC370F-1574-4695-A711-28C14893E51D}.Debug|x64.Build.0 = Debug|Any CPU
		{CDEC370F-1574-4695-A711-28C14893E51D}.Debug|x86.ActiveCfg = Debug|Any CPU
		{CDEC370F-1574-4695-A711-28C14893E51D}.Debug|x86.Build.0 = Debug|Any CPU
		{CDEC370F-1574-4695-A711-28C14893E51D}.Release|Any CPU.ActiveCfg = Release|Any CPU
		{CDEC370F-1574-4695-A711-28C14893E51D}.Release|Any CPU.Build.0 = Release|Any CPU
		{CDEC370F-1574-4695-A711-28C14893E51D}.Release|x64.ActiveCfg = Release|Any CPU
		{CDEC370F-1574-4695-A711-28C14893E51D}.Release|x64.Build.0 = Release|Any CPU
		{CDEC370F-1574-4695-A711-28C14893E51D}.Release|x86.ActiveCfg = Release|Any CPU
		{CDEC370F-1574-4695-A711-28C14893E51D}.Release|x86.Build.0 = Release|Any CPU
		{377D0695-010B-4E73-8DB8-A07BFD2EB83C}.Debug|Any CPU.ActiveCfg = Debug|Any CPU
		{377D0695-010B-4E73-8DB8-A07BFD2EB83C}.Debug|Any CPU.Build.0 = Debug|Any CPU
		{377D0695-010B-4E73-8DB8-A07BFD2EB83C}.Debug|x64.ActiveCfg = Debug|Any CPU
		{377D0695-010B-4E73-8DB8-A07BFD2EB83C}.Debug|x64.Build.0 = Debug|Any CPU
		{377D0695-010B-4E73-8DB8-A07BFD2EB83C}.Debug|x86.ActiveCfg = Debug|Any CPU
		{377D0695-010B-4E73-8DB8-A07BFD2EB83C}.Debug|x86.Build.0 = Debug|Any CPU
		{377D0695-010B-4E73-8DB8-A07BFD2EB83C}.Release|Any CPU.ActiveCfg = Release|Any CPU
		{377D0695-010B-4E73-8DB8-A07BFD2EB83C}.Release|Any CPU.Build.0 = Release|Any CPU
		{377D0695-010B-4E73-8DB8-A07BFD2EB83C}.Release|x64.ActiveCfg = Release|Any CPU
		{377D0695-010B-4E73-8DB8-A07BFD2EB83C}.Release|x64.Build.0 = Release|Any CPU
		{377D0695-010B-4E73-8DB8-A07BFD2EB83C}.Release|x86.ActiveCfg = Release|Any CPU
		{377D0695-010B-4E73-8DB8-A07BFD2EB83C}.Release|x86.Build.0 = Release|Any CPU
		{3BAF8F00-5806-4CFA-B64B-DC6EE5FEB916}.Debug|Any CPU.ActiveCfg = Debug|Any CPU
		{3BAF8F00-5806-4CFA-B64B-DC6EE5FEB916}.Debug|Any CPU.Build.0 = Debug|Any CPU
		{3BAF8F00-5806-4CFA-B64B-DC6EE5FEB916}.Debug|x64.ActiveCfg = Debug|Any CPU
		{3BAF8F00-5806-4CFA-B64B-DC6EE5FEB916}.Debug|x64.Build.0 = Debug|Any CPU
		{3BAF8F00-5806-4CFA-B64B-DC6EE5FEB916}.Debug|x86.ActiveCfg = Debug|Any CPU
		{3BAF8F00-5806-4CFA-B64B-DC6EE5FEB916}.Debug|x86.Build.0 = Debug|Any CPU
		{3BAF8F00-5806-4CFA-B64B-DC6EE5FEB916}.Release|Any CPU.ActiveCfg = Release|Any CPU
		{3BAF8F00-5806-4CFA-B64B-DC6EE5FEB916}.Release|Any CPU.Build.0 = Release|Any CPU
		{3BAF8F00-5806-4CFA-B64B-DC6EE5FEB916}.Release|x64.ActiveCfg = Release|Any CPU
		{3BAF8F00-5806-4CFA-B64B-DC6EE5FEB916}.Release|x64.Build.0 = Release|Any CPU
		{3BAF8F00-5806-4CFA-B64B-DC6EE5FEB916}.Release|x86.ActiveCfg = Release|Any CPU
		{3BAF8F00-5806-4CFA-B64B-DC6EE5FEB916}.Release|x86.Build.0 = Release|Any CPU
	EndGlobalSection
EndGlobal
